
Microsoft Visual Studio Solution File, Format Version 12.00
# Visual Studio 2013
VisualStudioVersion = 12.0.31101.0
MinimumVisualStudioVersion = 10.0.40219.1
Project("{8BC9CEB8-8B4A-11D0-8D11-00A0C91BC942}") = "Ex2_2_2_Noise_Estimation", "Ex2_2_2_Noise_Estimation\Ex2_2_2_Noise_Estimation.vcxproj", "{0A2818FA-FDC5-48A3-9C7A-E447AB8FBB49}"
EndProject
Global
	GlobalSection(SolutionConfigurationPlatforms) = preSolution
		Debug|Win32 = Debug|Win32
		Release|Win32 = Release|Win32
	EndGlobalSection
	GlobalSection(ProjectConfigurationPlatforms) = postSolution
		{0A2818FA-FDC5-48A3-9C7A-E447AB8FBB49}.Debug|Win32.ActiveCfg = Debug|Win32
		{0A2818FA-FDC5-48A3-9C7A-E447AB8FBB49}.Debug|Win32.Build.0 = Debug|Win32
		{0A2818FA-FDC5-48A3-9C7A-E447AB8FBB49}.Release|Win32.ActiveCfg = Release|Win32
		{0A2818FA-FDC5-48A3-9C7A-E447AB8FBB49}.Release|Win32.Build.0 = Release|Win32
	EndGlobalSection
	GlobalSection(SolutionProperties) = preSolution
		HideSolutionNode = FALSE
	EndGlobalSection
EndGlobal
